
Microsoft Visual Studio Solution File, Format Version 12.00
# Visual Studio Version 16
VisualStudioVersion = 16.0.31515.178
MinimumVisualStudioVersion = 10.0.40219.1
Project("{FAE04EC0-301F-11D3-BF4B-00C04F79EFBC}") = "ASP.NetMVC_Restaurant", "ASP.NetMVC_Restaurant.csproj", "{6C203C09-BF77-4363-A5DA-5739CE84D11E}"
EndProject
Global
	GlobalSection(SolutionConfigurationPlatforms) = preSolution
		Debug|Any CPU = Debug|Any CPU
		Release|Any CPU = Release|Any CPU
	EndGlobalSection
	GlobalSection(ProjectConfigurationPlatforms) = postSolution
		{6C203C09-BF77-4363-A5DA-5739CE84D11E}.Debug|Any CPU.ActiveCfg = Debug|Any CPU
		{6C203C09-BF77-4363-A5DA-5739CE84D11E}.Debug|Any CPU.Build.0 = Debug|Any CPU
		{6C203C09-BF77-4363-A5DA-5739CE84D11E}.Release|Any CPU.ActiveCfg = Release|Any CPU
		{6C203C09-BF77-4363-A5DA-5739CE84D11E}.Release|Any CPU.Build.0 = Release|Any CPU
	EndGlobalSection
	GlobalSection(SolutionProperties) = preSolution
		HideSolutionNode = FALSE
	EndGlobalSection
	GlobalSection(ExtensibilityGlobals) = postSolution
		SolutionGuid = {A51BF81D-8123-4C66-A15F-AF2931E44D47}
	EndGlobalSection
EndGlobal
